
Microsoft Visual Studio Solution File, Format Version 12.00
# Visual Studio Version 17
VisualStudioVersion = 17.3.32825.248
MinimumVisualStudioVersion = 10.0.40219.1
Project("{FAE04EC0-301F-11D3-BF4B-00C04F79EFBC}") = "LoginRegMVC", "LoginRegMVC\LoginRegMVC.csproj", "{BE9A8564-5115-454E-8CC0-4C5C41E4197C}"
EndProject
Global
	GlobalSection(SolutionConfigurationPlatforms) = preSolution
		Debug|Any CPU = Debug|Any CPU
		Release|Any CPU = Release|Any CPU
	EndGlobalSection
	GlobalSection(ProjectConfigurationPlatforms) = postSolution
		{BE9A8564-5115-454E-8CC0-4C5C41E4197C}.Debug|Any CPU.ActiveCfg = Debug|Any CPU
		{BE9A8564-5115-454E-8CC0-4C5C41E4197C}.Debug|Any CPU.Build.0 = Debug|Any CPU
		{BE9A8564-5115-454E-8CC0-4C5C41E4197C}.Release|Any CPU.ActiveCfg = Release|Any CPU
		{BE9A8564-5115-454E-8CC0-4C5C41E4197C}.Release|Any CPU.Build.0 = Release|Any CPU
	EndGlobalSection
	GlobalSection(SolutionProperties) = preSolution
		HideSolutionNode = FALSE
	EndGlobalSection
	GlobalSection(ExtensibilityGlobals) = postSolution
		SolutionGuid = {EF182EDB-AD1E-4D10-A02B-CABC3C11F5D9}
	EndGlobalSection
EndGlobal
